
Microsoft Visual Studio Solution File, Format Version 12.00
# Visual Studio Version 16
VisualStudioVersion = 16.0.31005.135
MinimumVisualStudioVersion = 10.0.40219.1
Project("{9A19103F-16F7-4668-BE54-9A1E7A4F7556}") = "AptumServer", "AptumServer\AptumServer.csproj", "{CA127E65-F321-46E5-BC5C-17728F151741}"
EndProject
Project("{9A19103F-16F7-4668-BE54-9A1E7A4F7556}") = "AptumShared", "AptumShared\AptumShared.csproj", "{789EFEBC-38A6-4107-89C4-03F213F02334}"
EndProject
Project("{FAE04EC0-301F-11D3-BF4B-00C04F79EFBC}") = "AptumClient", "AptumClient\AptumClient.csproj", "{5553D134-DA58-46C9-B9B0-250209006563}"
EndProject
Global
	GlobalSection(SolutionConfigurationPlatforms) = preSolution
		Debug|Any CPU = Debug|Any CPU
		Release|Any CPU = Release|Any CPU
	EndGlobalSection
	GlobalSection(ProjectConfigurationPlatforms) = postSolution
		{CA127E65-F321-46E5-BC5C-17728F151741}.Debug|Any CPU.ActiveCfg = Debug|Any CPU
		{CA127E65-F321-46E5-BC5C-17728F151741}.Debug|Any CPU.Build.0 = Debug|Any CPU
		{CA127E65-F321-46E5-BC5C-17728F151741}.Release|Any CPU.ActiveCfg = Release|Any CPU
		{CA127E65-F321-46E5-BC5C-17728F151741}.Release|Any CPU.Build.0 = Release|Any CPU
		{789EFEBC-38A6-4107-89C4-03F213F02334}.Debug|Any CPU.ActiveCfg = Debug|Any CPU
		{789EFEBC-38A6-4107-89C4-03F213F02334}.Debug|Any CPU.Build.0 = Debug|Any CPU
		{789EFEBC-38A6-4107-89C4-03F213F02334}.Release|Any CPU.ActiveCfg = Release|Any CPU
		{789EFEBC-38A6-4107-89C4-03F213F02334}.Release|Any CPU.Build.0 = Release|Any CPU
		{5553D134-DA58-46C9-B9B0-250209006563}.Debug|Any CPU.ActiveCfg = Debug|Any CPU
		{5553D134-DA58-46C9-B9B0-250209006563}.Debug|Any CPU.Build.0 = Debug|Any CPU
		{5553D134-DA58-46C9-B9B0-250209006563}.Release|Any CPU.ActiveCfg = Release|Any CPU
		{5553D134-DA58-46C9-B9B0-250209006563}.Release|Any CPU.Build.0 = Release|Any CPU
	EndGlobalSection
	GlobalSection(SolutionProperties) = preSolution
		HideSolutionNode = FALSE
	EndGlobalSection
	GlobalSection(ExtensibilityGlobals) = postSolution
		SolutionGuid = {9F0B506E-0627-4913-B555-648CADE68FFB}
	EndGlobalSection
EndGlobal
